
Microsoft Visual Studio Solution File, Format Version 12.00
# Visual Studio 15
VisualStudioVersion = 15.0.27703.2000
MinimumVisualStudioVersion = 10.0.40219.1
Project("{2150E333-8FDC-42A3-9474-1A3956D46DE8}") = ".nuget", ".nuget", "{2688C342-C64E-4ED6-AD07-F415FB86AC8B}"
	ProjectSection(SolutionItems) = preProject
		.nuget\NuGet.Config = .nuget\NuGet.Config
		.nuget\NuGet.exe = .nuget\NuGet.exe
		.nuget\NuGet.targets = .nuget\NuGet.targets
	EndProjectSection
EndProject
Project("{FAE04EC0-301F-11D3-BF4B-00C04F79EFBC}") = "PolicyCycleAPICommon", "PolicyCycleApiSet\PolicyCycleAPICommon\PolicyCycleAPICommon.csproj", "{744D4ECE-C4E7-4A2C-B3FF-A679E400216E}"
EndProject
Project("{FAE04EC0-301F-11D3-BF4B-00C04F79EFBC}") = "PolicyCycleAPIDAL", "PolicyCycleApiSet\PolicyCycleAPIDAL\PolicyCycleAPIDAL.csproj", "{633EA7C0-DD1A-42C7-A230-C3F4DC4033B3}"
EndProject
Project("{FAE04EC0-301F-11D3-BF4B-00C04F79EFBC}") = "PolicyCycleBusinessLayer", "PolicyCycleApiSet\PolicyCycleBusinessLayer\PolicyCycleBusinessLayer.csproj", "{B49D22CE-3E1A-4CCB-8C57-954B4C42BC1E}"
EndProject
Project("{FAE04EC0-301F-11D3-BF4B-00C04F79EFBC}") = "PolicyCycleAPI", "PolicyCycleApiSet\PolicyCycleAPI\PolicyCycleAPI.csproj", "{063ECBE2-BA50-4DD3-BDEE-805F5A3A34F5}"
EndProject
Global
	GlobalSection(SolutionConfigurationPlatforms) = preSolution
		Debug|Any CPU = Debug|Any CPU
		Debug|x64 = Debug|x64
		Debug|x86 = Debug|x86
		Release|Any CPU = Release|Any CPU
		Release|x64 = Release|x64
		Release|x86 = Release|x86
	EndGlobalSection
	GlobalSection(ProjectConfigurationPlatforms) = postSolution
		{744D4ECE-C4E7-4A2C-B3FF-A679E400216E}.Debug|Any CPU.ActiveCfg = Debug|Any CPU
		{744D4ECE-C4E7-4A2C-B3FF-A679E400216E}.Debug|Any CPU.Build.0 = Debug|Any CPU
		{744D4ECE-C4E7-4A2C-B3FF-A679E400216E}.Debug|x64.ActiveCfg = Debug|Any CPU
		{744D4ECE-C4E7-4A2C-B3FF-A679E400216E}.Debug|x64.Build.0 = Debug|Any CPU
		{744D4ECE-C4E7-4A2C-B3FF-A679E400216E}.Debug|x86.ActiveCfg = Debug|x86
		{744D4ECE-C4E7-4A2C-B3FF-A679E400216E}.Debug|x86.Build.0 = Debug|x86
		{744D4ECE-C4E7-4A2C-B3FF-A679E400216E}.Release|Any CPU.ActiveCfg = Release|Any CPU
		{744D4ECE-C4E7-4A2C-B3FF-A679E400216E}.Release|Any CPU.Build.0 = Release|Any CPU
		{744D4ECE-C4E7-4A2C-B3FF-A679E400216E}.Release|x64.ActiveCfg = Release|Any CPU
		{744D4ECE-C4E7-4A2C-B3FF-A679E400216E}.Release|x64.Build.0 = Release|Any CPU
		{744D4ECE-C4E7-4A2C-B3FF-A679E400216E}.Release|x86.ActiveCfg = Release|x86
		{744D4ECE-C4E7-4A2C-B3FF-A679E400216E}.Release|x86.Build.0 = Release|x86
		{633EA7C0-DD1A-42C7-A230-C3F4DC4033B3}.Debug|Any CPU.ActiveCfg = Debug|Any CPU
		{633EA7C0-DD1A-42C7-A230-C3F4DC4033B3}.Debug|Any CPU.Build.0 = Debug|Any CPU
		{633EA7C0-DD1A-42C7-A230-C3F4DC4033B3}.Debug|x64.ActiveCfg = Debug|x64
		{633EA7C0-DD1A-42C7-A230-C3F4DC4033B3}.Debug|x64.Build.0 = Debug|x64
		{633EA7C0-DD1A-42C7-A230-C3F4DC4033B3}.Debug|x86.ActiveCfg = Debug|x86
		{633EA7C0-DD1A-42C7-A230-C3F4DC4033B3}.Debug|x86.Build.0 = Debug|x86
		{633EA7C0-DD1A-42C7-A230-C3F4DC4033B3}.Release|Any CPU.ActiveCfg = Release|Any CPU
		{633EA7C0-DD1A-42C7-A230-C3F4DC4033B3}.Release|Any CPU.Build.0 = Release|Any CPU
		{633EA7C0-DD1A-42C7-A230-C3F4DC4033B3}.Release|x64.ActiveCfg = Release|x64
		{633EA7C0-DD1A-42C7-A230-C3F4DC4033B3}.Release|x64.Build.0 = Release|x64
		{633EA7C0-DD1A-42C7-A230-C3F4DC4033B3}.Release|x86.ActiveCfg = Release|x86
		{633EA7C0-DD1A-42C7-A230-C3F4DC4033B3}.Release|x86.Build.0 = Release|x86
		{B49D22CE-3E1A-4CCB-8C57-954B4C42BC1E}.Debug|Any CPU.ActiveCfg = Debug|Any CPU
		{B49D22CE-3E1A-4CCB-8C57-954B4C42BC1E}.Debug|Any CPU.Build.0 = Debug|Any CPU
		{B49D22CE-3E1A-4CCB-8C57-954B4C42BC1E}.Debug|x64.ActiveCfg = Debug|Any CPU
		{B49D22CE-3E1A-4CCB-8C57-954B4C42BC1E}.Debug|x64.Build.0 = Debug|Any CPU
		{B49D22CE-3E1A-4CCB-8C57-954B4C42BC1E}.Debug|x86.ActiveCfg = Debug|x86
		{B49D22CE-3E1A-4CCB-8C57-954B4C42BC1E}.Debug|x86.Build.0 = Debug|x86
		{B49D22CE-3E1A-4CCB-8C57-954B4C42BC1E}.Release|Any CPU.ActiveCfg = Release|Any CPU
		{B49D22CE-3E1A-4CCB-8C57-954B4C42BC1E}.Release|Any CPU.Build.0 = Release|Any CPU
		{B49D22CE-3E1A-4CCB-8C57-954B4C42BC1E}.Release|x64.ActiveCfg = Release|Any CPU
		{B49D22CE-3E1A-4CCB-8C57-954B4C42BC1E}.Release|x64.Build.0 = Release|Any CPU
		{B49D22CE-3E1A-4CCB-8C57-954B4C42BC1E}.Release|x86.ActiveCfg = Release|x86
		{B49D22CE-3E1A-4CCB-8C57-954B4C42BC1E}.Release|x86.Build.0 = Release|x86
		{063ECBE2-BA50-4DD3-BDEE-805F5A3A34F5}.Debug|Any CPU.ActiveCfg = Debug|Any CPU
		{063ECBE2-BA50-4DD3-BDEE-805F5A3A34F5}.Debug|Any CPU.Build.0 = Debug|Any CPU
		{063ECBE2-BA50-4DD3-BDEE-805F5A3A34F5}.Debug|x64.ActiveCfg = Debug|Any CPU
		{063ECBE2-BA50-4DD3-BDEE-805F5A3A34F5}.Debug|x64.Build.0 = Debug|Any CPU
		{063ECBE2-BA50-4DD3-BDEE-805F5A3A34F5}.Debug|x86.ActiveCfg = Debug|x86
		{063ECBE2-BA50-4DD3-BDEE-805F5A3A34F5}.Debug|x86.Build.0 = Debug|x86
		{063ECBE2-BA50-4DD3-BDEE-805F5A3A34F5}.Release|Any CPU.ActiveCfg = Release|Any CPU
		{063ECBE2-BA50-4DD3-BDEE-805F5A3A34F5}.Release|Any CPU.Build.0 = Release|Any CPU
		{063ECBE2-BA50-4DD3-BDEE-805F5A3A34F5}.Release|x64.ActiveCfg = Release|Any CPU
		{063ECBE2-BA50-4DD3-BDEE-805F5A3A34F5}.Release|x64.Build.0 = Release|Any CPU
		{063ECBE2-BA50-4DD3-BDEE-805F5A3A34F5}.Release|x86.ActiveCfg = Release|x86
		{063ECBE2-BA50-4DD3-BDEE-805F5A3A34F5}.Release|x86.Build.0 = Release|x86
	EndGlobalSection
	GlobalSection(SolutionProperties) = preSolution
		HideSolutionNode = FALSE
	EndGlobalSection
	GlobalSection(ExtensibilityGlobals) = postSolution
		SolutionGuid = {44D7458D-904F-4181-8A46-88EA3690AD8D}
	EndGlobalSection
	GlobalSection(SubversionScc) = preSolution
		Svn-Managed = True
		Manager = AnkhSVN - Subversion Support for Visual Studio
	EndGlobalSection
EndGlobal
